
Microsoft Visual Studio Solution File, Format Version 12.00
# Visual Studio Version 17
VisualStudioVersion = 17.5.002.0
MinimumVisualStudioVersion = 10.0.40219.1
Project("{9A19103F-16F7-4668-BE54-9A1E7A4F7556}") = "WebApiAutores", "WebApiAutores.csproj", "{BF94202E-6F09-4766-8CDC-E7C4F3500B3B}"
EndProject
Global
	GlobalSection(SolutionConfigurationPlatforms) = preSolution
		Debug|Any CPU = Debug|Any CPU
		Release|Any CPU = Release|Any CPU
	EndGlobalSection
	GlobalSection(ProjectConfigurationPlatforms) = postSolution
		{BF94202E-6F09-4766-8CDC-E7C4F3500B3B}.Debug|Any CPU.ActiveCfg = Debug|Any CPU
		{BF94202E-6F09-4766-8CDC-E7C4F3500B3B}.Debug|Any CPU.Build.0 = Debug|Any CPU
		{BF94202E-6F09-4766-8CDC-E7C4F3500B3B}.Release|Any CPU.ActiveCfg = Release|Any CPU
		{BF94202E-6F09-4766-8CDC-E7C4F3500B3B}.Release|Any CPU.Build.0 = Release|Any CPU
	EndGlobalSection
	GlobalSection(SolutionProperties) = preSolution
		HideSolutionNode = FALSE
	EndGlobalSection
	GlobalSection(ExtensibilityGlobals) = postSolution
		SolutionGuid = {5863380C-6303-4170-9284-DD16BFC0A88A}
	EndGlobalSection
EndGlobal
